// !$*UTF8*$!
{
	archiveVersion = 1;
	classes = {
	};
	objectVersion = 55;
	objects = {

/* Begin PBXBuildFile section */
		32AD645D27D9A02C002C144D /* Assets.xcassets in Resources */ = {isa = PBXBuildFile; fileRef = 32AD645C27D9A02C002C144D /* Assets.xcassets */; };
		32AD646027D9A02C002C144D /* Preview Assets.xcassets in Resources */ = {isa = PBXBuildFile; fileRef = 32AD645F27D9A02C002C144D /* Preview Assets.xcassets */; };
		32AD647827D9A87D002C144D /* Stereo Hearts.mp3 in Resources */ = {isa = PBXBuildFile; fileRef = 32AD647527D9A87C002C144D /* Stereo Hearts.mp3 */; };
		32AD647927D9A87D002C144D /* Won't Go Home Without You.mp3 in Resources */ = {isa = PBXBuildFile; fileRef = 32AD647627D9A87C002C144D /* Won't Go Home Without You.mp3 */; };
		32AD647A27D9A87D002C144D /* Beautiful Mistakes ft. Megan Thee Stallion.mp3 in Resources */ = {isa = PBXBuildFile; fileRef = 32AD647727D9A87D002C144D /* Beautiful Mistakes ft. Megan Thee Stallion.mp3 */; };
		32AD647C27D9AC8D002C144D /* viewController.swift in Sources */ = {isa = PBXBuildFile; fileRef = 32AD647B27D9AC8D002C144D /* viewController.swift */; };
		32AD648027DAF92A002C144D /* Main.storyboard in Resources */ = {isa = PBXBuildFile; fileRef = 32AD647F27DAF92A002C144D /* Main.storyboard */; };
		32AD648227DAFC31002C144D /* AppDelegate.swift in Sources */ = {isa = PBXBuildFile; fileRef = 32AD648127DAFC31002C144D /* AppDelegate.swift */; };
		32AD648427DAFC6B002C144D /* SceneDelegate.swift in Sources */ = {isa = PBXBuildFile; fileRef = 32AD648327DAFC6B002C144D /* SceneDelegate.swift */; };
		32AD648827DB00B5002C144D /* PlayerViewController.swift in Sources */ = {isa = PBXBuildFile; fileRef = 32AD648727DB00B5002C144D /* PlayerViewController.swift */; };
/* End PBXBuildFile section */

/* Begin PBXFileReference section */
		32AD645527D9A02A002C144D /* music project.app */ = {isa = PBXFileReference; explicitFileType = wrapper.application; includeInIndex = 0; path = "music project.app"; sourceTree = BUILT_PRODUCTS_DIR; };
		32AD645C27D9A02C002C144D /* Assets.xcassets */ = {isa = PBXFileReference; lastKnownFileType = folder.assetcatalog; path = Assets.xcassets; sourceTree = "<group>"; };
		32AD645F27D9A02C002C144D /* Preview Assets.xcassets */ = {isa = PBXFileReference; lastKnownFileType = folder.assetcatalog; path = "Preview Assets.xcassets"; sourceTree = "<group>"; };
		32AD647527D9A87C002C144D /* Stereo Hearts.mp3 */ = {isa = PBXFileReference; lastKnownFileType = audio.mp3; path = "Stereo Hearts.mp3"; sourceTree = "<group>"; };
		32AD647627D9A87C002C144D /* Won't Go Home Without You.mp3 */ = {isa = PBXFileReference; lastKnownFileType = audio.mp3; path = "Won't Go Home Without You.mp3"; sourceTree = "<group>"; };
		32AD647727D9A87D002C144D /* Beautiful Mistakes ft. Megan Thee Stallion.mp3 */ = {isa = PBXFileReference; lastKnownFileType = audio.mp3; path = "Beautiful Mistakes ft. Megan Thee Stallion.mp3"; sourceTree = "<group>"; };
		32AD647B27D9AC8D002C144D /* viewController.swift */ = {isa = PBXFileReference; lastKnownFileType = sourcecode.swift; path = viewController.swift; sourceTree = "<group>"; };
		32AD647F27DAF92A002C144D /* Main.storyboard */ = {isa = PBXFileReference; lastKnownFileType = file.storyboard; path = Main.storyboard; sourceTree = "<group>"; };
		32AD648127DAFC31002C144D /* AppDelegate.swift */ = {isa = PBXFileReference; lastKnownFileType = sourcecode.swift; path = AppDelegate.swift; sourceTree = "<group>"; };
		32AD648327DAFC6B002C144D /* SceneDelegate.swift */ = {isa = PBXFileReference; lastKnownFileType = sourcecode.swift; path = SceneDelegate.swift; sourceTree = "<group>"; };
		32AD648727DB00B5002C144D /* PlayerViewController.swift */ = {isa = PBXFileReference; lastKnownFileType = sourcecode.swift; path = PlayerViewController.swift; sourceTree = "<group>"; };
/* End PBXFileReference section */

/* Begin PBXFrameworksBuildPhase section */
		32AD645227D9A02A002C144D /* Frameworks */ = {
			isa = PBXFrameworksBuildPhase;
			buildActionMask = 2147483647;
			files = (
			);
			runOnlyForDeploymentPostprocessing = 0;
		};
/* End PBXFrameworksBuildPhase section */

/* Begin PBXGroup section */
		32AD644C27D9A02A002C144D = {
			isa = PBXGroup;
			children = (
				32AD645727D9A02A002C144D /* music project */,
				32AD645627D9A02A002C144D /* Products */,
			);
			sourceTree = "<group>";
		};
		32AD645627D9A02A002C144D /* Products */ = {
			isa = PBXGroup;
			children = (
				32AD645527D9A02A002C144D /* music project.app */,
			);
			name = Products;
			sourceTree = "<group>";
		};
		32AD645727D9A02A002C144D /* music project */ = {
			isa = PBXGroup;
			children = (
				32AD647427D9A839002C144D /* Audio */,
				32AD648127DAFC31002C144D /* AppDelegate.swift */,
				32AD648327DAFC6B002C144D /* SceneDelegate.swift */,
				32AD648727DB00B5002C144D /* PlayerViewController.swift */,
				32AD647B27D9AC8D002C144D /* viewController.swift */,
				32AD647F27DAF92A002C144D /* Main.storyboard */,
				32AD645C27D9A02C002C144D /* Assets.xcassets */,
				32AD645E27D9A02C002C144D /* Preview Content */,
			);
			path = "music project";
			sourceTree = "<group>";
		};
		32AD645E27D9A02C002C144D /* Preview Content */ = {
			isa = PBXGroup;
			children = (
				32AD645F27D9A02C002C144D /* Preview Assets.xcassets */,
			);
			path = "Preview Content";
			sourceTree = "<group>";
		};
		32AD647427D9A839002C144D /* Audio */ = {
			isa = PBXGroup;
			children = (
				32AD647727D9A87D002C144D /* Beautiful Mistakes ft. Megan Thee Stallion.mp3 */,
				32AD647527D9A87C002C144D /* Stereo Hearts.mp3 */,
				32AD647627D9A87C002C144D /* Won't Go Home Without You.mp3 */,
			);
			path = Audio;
			sourceTree = "<group>";
		};
/* End PBXGroup section */

/* Begin PBXNativeTarget section */
		32AD645427D9A02A002C144D /* music project */ = {
			isa = PBXNativeTarget;
			buildConfigurationList = 32AD646327D9A02C002C144D /* Build configuration list for PBXNativeTarget "music project" */;
			buildPhases = (
				32AD645127D9A02A002C144D /* Sources */,
				32AD645227D9A02A002C144D /* Frameworks */,
				32AD645327D9A02A002C144D /* Resources */,
			);
			buildRules = (
			);
			dependencies = (
			);
			name = "music project";
			productName = "music project";
			productReference = 32AD645527D9A02A002C144D /* music project.app */;
			productType = "com.apple.product-type.application";
		};
/* End PBXNativeTarget section */

/* Begin PBXProject section */
		32AD644D27D9A02A002C144D /* Project object */ = {
			isa = PBXProject;
			attributes = {
				BuildIndependentTargetsInParallel = 1;
				LastSwiftUpdateCheck = 1320;
				LastUpgradeCheck = 1320;
				TargetAttributes = {
					32AD645427D9A02A002C144D = {
						CreatedOnToolsVersion = 13.2.1;
					};
				};
			};
			buildConfigurationList = 32AD645027D9A02A002C144D /* Build configuration list for PBXProject "music project" */;
			compatibilityVersion = "Xcode 13.0";
			developmentRegion = en;
			hasScannedForEncodings = 0;
			knownRegions = (
				en,
				Base,
			);
			mainGroup = 32AD644C27D9A02A002C144D;
			productRefGroup = 32AD645627D9A02A002C144D /* Products */;
			projectDirPath = "";
			projectRoot = "";
			targets = (
				32AD645427D9A02A002C144D /* music project */,
			);
		};
/* End PBXProject section */

/* Begin PBXResourcesBuildPhase section */
		32AD645327D9A02A002C144D /* Resources */ = {
			isa = PBXResourcesBuildPhase;
			buildActionMask = 2147483647;
			files = (
				32AD646027D9A02C002C144D /* Preview Assets.xcassets in Resources */,
				32AD647A27D9A87D002C144D /* Beautiful Mistakes ft. Megan Thee Stallion.mp3 in Resources */,
				32AD647827D9A87D002C144D /* Stereo Hearts.mp3 in Resources */,
				32AD648027DAF92A002C144D /* Main.storyboard in Resources */,
				32AD645D27D9A02C002C144D /* Assets.xcassets in Resources */,
				32AD647927D9A87D002C144D /* Won't Go Home Without You.mp3 in Resources */,
			);
			runOnlyForDeploymentPostprocessing = 0;
		};
/* End PBXResourcesBuildPhase section */

/* Begin PBXSourcesBuildPhase section */
		32AD645127D9A02A002C144D /* Sources */ = {
			isa = PBXSourcesBuildPhase;
			buildActionMask = 2147483647;
			files = (
				32AD647C27D9AC8D002C144D /* viewController.swift in Sources */,
				32AD648227DAFC31002C144D /* AppDelegate.swift in Sources */,
				32AD648427DAFC6B002C144D /* SceneDelegate.swift in Sources */,
				32AD648827DB00B5002C144D /* PlayerViewController.swift in Sources */,
			);
			runOnlyForDeploymentPostprocessing = 0;
		};
/* End PBXSourcesBuildPhase section */

/* Begin XCBuildConfiguration section */
		32AD646127D9A02C002C144D /* Debug */ = {
			isa = XCBuildConfiguration;
			buildSettings = {
				ALWAYS_SEARCH_USER_PATHS = NO;
				CLANG_ANALYZER_NONNULL = YES;
				CLANG_ANALYZER_NUMBER_OBJECT_CONVERSION = YES_AGGRESSIVE;
				CLANG_CXX_LANGUAGE_STANDARD = "gnu++17";
				CLANG_CXX_LIBRARY = "libc++";
				CLANG_ENABLE_MODULES = YES;
				CLANG_ENABLE_OBJC_ARC = YES;
				CLANG_ENABLE_OBJC_WEAK = YES;
				CLANG_WARN_BLOCK_CAPTURE_AUTORELEASING = YES;
				CLANG_WARN_BOOL_CONVERSION = YES;
				CLANG_WARN_COMMA = YES;
				CLANG_WARN_CONSTANT_CONVERSION = YES;
				CLANG_WARN_DEPRECATED_OBJC_IMPLEMENTATIONS = YES;
				CLANG_WARN_DIRECT_OBJC_ISA_USAGE = YES_ERROR;
				CLANG_WARN_DOCUMENTATION_COMMENTS = YES;
				CLANG_WARN_EMPTY_BODY = YES;
				CLANG_WARN_ENUM_CONVERSION = YES;
				CLANG_WARN_INFINITE_RECURSION = YES;
				CLANG_WARN_INT_CONVERSION = YES;
				CLANG_WARN_NON_LITERAL_NULL_CONVERSION = YES;
				CLANG_WARN_OBJC_IMPLICIT_RETAIN_SELF = YES;
				CLANG_WARN_OBJC_LITERAL_CONVERSION = YES;
				CLANG_WARN_OBJC_ROOT_CLASS = YES_ERROR;
				CLANG_WARN_QUOTED_INCLUDE_IN_FRAMEWORK_HEADER = YES;
				CLANG_WARN_RANGE_LOOP_ANALYSIS = YES;
				CLANG_WARN_STRICT_PROTOTYPES = YES;
				CLANG_WARN_SUSPICIOUS_MOVE = YES;
				CLANG_WARN_UNGUARDED_AVAILABILITY = YES_AGGRESSIVE;
				CLANG_WARN_UNREACHABLE_CODE = YES;
				CLANG_WARN__DUPLICATE_METHOD_MATCH = YES;
				COPY_PHASE_STRIP = NO;
				DEBUG_INFORMATION_FORMAT = dwarf;
				ENABLE_STRICT_OBJC_MSGSEND = YES;
				ENABLE_TESTABILITY = YES;
				GCC_C_LANGUAGE_STANDARD = gnu11;
				GCC_DYNAMIC_NO_PIC = NO;
				GCC_NO_COMMON_BLOCKS = YES;
				GCC_OPTIMIZATION_LEVEL = 0;
				GCC_PREPROCESSOR_DEFINITIONS = (
					"DEBUG=1",
					"$(inherited)",
				);
				GCC_WARN_64_TO_32_BIT_CONVERSION = YES;
				GCC_WARN_ABOUT_RETURN_TYPE = YES_ERROR;
				GCC_WARN_UNDECLARED_SELECTOR = YES;
				GCC_WARN_UNINITIALIZED_AUTOS = YES_AGGRESSIVE;
				GCC_WARN_UNUSED_FUNCTION = YES;
				GCC_WARN_UNUSED_VARIABLE = YES;
				IPHONEOS_DEPLOYMENT_TARGET = 15.2;
				MTL_ENABLE_DEBUG_INFO = INCLUDE_SOURCE;
				MTL_FAST_MATH = YES;
				ONLY_ACTIVE_ARCH = YES;
				SDKROOT = iphoneos;
				SWIFT_ACTIVE_COMPILATION_CONDITIONS = DEBUG;
				SWIFT_OPTIMIZATION_LEVEL = "-Onone";
			};
			name = Debug;
		};
		32AD646227D9A02C002C144D /* Release */ = {
			isa = XCBuildConfiguration;
			buildSettings = {
				ALWAYS_SEARCH_USER_PATHS = NO;
				CLANG_ANALYZER_NONNULL = YES;
				CLANG_ANALYZER_NUMBER_OBJECT_CONVERSION = YES_AGGRESSIVE;
				CLANG_CXX_LANGUAGE_STANDARD = "gnu++17";
				CLANG_CXX_LIBRARY = "libc++";
				CLANG_ENABLE_MODULES = YES;
				CLANG_ENABLE_OBJC_ARC = YES;
				CLANG_ENABLE_OBJC_WEAK = YES;
				CLANG_WARN_BLOCK_CAPTURE_AUTORELEASING = YES;
				CLANG_WARN_BOOL_CONVERSION = YES;
				CLANG_WARN_COMMA = YES;
				CLANG_WARN_CONSTANT_CONVERSION = YES;
				CLANG_WARN_DEPRECATED_OBJC_IMPLEMENTATIONS = YES;
				CLANG_WARN_DIRECT_OBJC_ISA_USAGE = YES_ERROR;
				CLANG_WARN_DOCUMENTATION_COMMENTS = YES;
				CLANG_WARN_EMPTY_BODY = YES;
				CLANG_WARN_ENUM_CONVERSION = YES;
				CLANG_WARN_INFINITE_RECURSION = YES;
				CLANG_WARN_INT_CONVERSION = YES;
				CLANG_WARN_NON_LITERAL_NULL_CONVERSION = YES;
				CLANG_WARN_OBJC_IMPLICIT_RETAIN_SELF = YES;
				CLANG_WARN_OBJC_LITERAL_CONVERSION = YES;
				CLANG_WARN_OBJC_ROOT_CLASS = YES_ERROR;
				CLANG_WARN_QUOTED_INCLUDE_IN_FRAMEWORK_HEADER = YES;
				CLANG_WARN_RANGE_LOOP_ANALYSIS = YES;
				CLANG_WARN_STRICT_PROTOTYPES = YES;
				CLANG_WARN_SUSPICIOUS_MOVE = YES;
				CLANG_WARN_UNGUARDED_AVAILABILITY = YES_AGGRESSIVE;
				CLANG_WARN_UNREACHABLE_CODE = YES;
				CLANG_WARN__DUPLICATE_METHOD_MATCH = YES;
				COPY_PHASE_STRIP = NO;
				DEBUG_INFORMATION_FORMAT = "dwarf-with-dsym";
				ENABLE_NS_ASSERTIONS = NO;
				ENABLE_STRICT_OBJC_MSGSEND = YES;
				GCC_C_LANGUAGE_STANDARD = gnu11;
				GCC_NO_COMMON_BLOCKS = YES;
				GCC_WARN_64_TO_32_BIT_CONVERSION = YES;
				GCC_WARN_ABOUT_RETURN_TYPE = YES_ERROR;
				GCC_WARN_UNDECLARED_SELECTOR = YES;
				GCC_WARN_UNINITIALIZED_AUTOS = YES_AGGRESSIVE;
				GCC_WARN_UNUSED_FUNCTION = YES;
				GCC_WARN_UNUSED_VARIABLE = YES;
				IPHONEOS_DEPLOYMENT_TARGET = 15.2;
				MTL_ENABLE_DEBUG_INFO = NO;
				MTL_FAST_MATH = YES;
				SDKROOT = iphoneos;
				SWIFT_COMPILATION_MODE = wholemodule;
				SWIFT_OPTIMIZATION_LEVEL = "-O";
				VALIDATE_PRODUCT = YES;
			};
			name = Release;
		};
		32AD646427D9A02C002C144D /* Debug */ = {
			isa = XCBuildConfiguration;
			buildSettings = {
				ASSETCATALOG_COMPILER_APPICON_NAME = AppIcon;
				ASSETCATALOG_COMPILER_GLOBAL_ACCENT_COLOR_NAME = AccentColor;
				CODE_SIGN_STYLE = Automatic;
				CURRENT_PROJECT_VERSION = 1;
				DEVELOPMENT_ASSET_PATHS = "\"music project/Preview Content\"";
				DEVELOPMENT_TEAM = U9FS4C47F4;
				ENABLE_PREVIEWS = YES;
				GENERATE_INFOPLIST_FILE = YES;
				INFOPLIST_KEY_UIApplicationSceneManifest_Generation = YES;
				INFOPLIST_KEY_UIApplicationSupportsIndirectInputEvents = YES;
				INFOPLIST_KEY_UILaunchScreen_Generation = YES;
				INFOPLIST_KEY_UISupportedInterfaceOrientations_iPad = "UIInterfaceOrientationPortrait UIInterfaceOrientationPortraitUpsideDown UIInterfaceOrientationLandscapeLeft UIInterfaceOrientationLandscapeRight";
				INFOPLIST_KEY_UISupportedInterfaceOrientations_iPhone = "UIInterfaceOrientationPortrait UIInterfaceOrientationLandscapeLeft UIInterfaceOrientationLandscapeRight";
				LD_RUNPATH_SEARCH_PATHS = (
					"$(inherited)",
					"@executable_path/Frameworks",
				);
				MARKETING_VERSION = 1.0;
				PRODUCT_BUNDLE_IDENTIFIER = "Phil.music-project";
				PRODUCT_NAME = "$(TARGET_NAME)";
				SWIFT_EMIT_LOC_STRINGS = YES;
				SWIFT_VERSION = 5.0;
				TARGETED_DEVICE_FAMILY = "1,2";
			};
			name = Debug;
		};
		32AD646527D9A02C002C144D /* Release */ = {
			isa = XCBuildConfiguration;
			buildSettings = {
				ASSETCATALOG_COMPILER_APPICON_NAME = AppIcon;
				ASSETCATALOG_COMPILER_GLOBAL_ACCENT_COLOR_NAME = AccentColor;
				CODE_SIGN_STYLE = Automatic;
				CURRENT_PROJECT_VERSION = 1;
				DEVELOPMENT_ASSET_PATHS = "\"music project/Preview Content\"";
				DEVELOPMENT_TEAM = U9FS4C47F4;
				ENABLE_PREVIEWS = YES;
				GENERATE_INFOPLIST_FILE = YES;
				INFOPLIST_KEY_UIApplicationSceneManifest_Generation = YES;
				INFOPLIST_KEY_UIApplicationSupportsIndirectInputEvents = YES;
				INFOPLIST_KEY_UILaunchScreen_Generation = YES;
				INFOPLIST_KEY_UISupportedInterfaceOrientations_iPad = "UIInterfaceOrientationPortrait UIInterfaceOrientationPortraitUpsideDown UIInterfaceOrientationLandscapeLeft UIInterfaceOrientationLandscapeRight";
				INFOPLIST_KEY_UISupportedInterfaceOrientations_iPhone = "UIInterfaceOrientationPortrait UIInterfaceOrientationLandscapeLeft UIInterfaceOrientationLandscapeRight";
				LD_RUNPATH_SEARCH_PATHS = (
					"$(inherited)",
					"@executable_path/Frameworks",
				);
				MARKETING_VERSION = 1.0;
				PRODUCT_BUNDLE_IDENTIFIER = "Phil.music-project";
				PRODUCT_NAME = "$(TARGET_NAME)";
				SWIFT_EMIT_LOC_STRINGS = YES;
				SWIFT_VERSION = 5.0;
				TARGETED_DEVICE_FAMILY = "1,2";
			};
			name = Release;
		};
/* End XCBuildConfiguration section */

/* Begin XCConfigurationList section */
		32AD645027D9A02A002C144D /* Build configuration list for PBXProject "music project" */ = {
			isa = XCConfigurationList;
			buildConfigurations = (
				32AD646127D9A02C002C144D /* Debug */,
				32AD646227D9A02C002C144D /* Release */,
			);
			defaultConfigurationIsVisible = 0;
			defaultConfigurationName = Release;
		};
		32AD646327D9A02C002C144D /* Build configuration list for PBXNativeTarget "music project" */ = {
			isa = XCConfigurationList;
			buildConfigurations = (
				32AD646427D9A02C002C144D /* Debug */,
				32AD646527D9A02C002C144D /* Release */,
			);
			defaultConfigurationIsVisible = 0;
			defaultConfigurationName = Release;
		};
/* End XCConfigurationList section */
	};
	rootObject = 32AD644D27D9A02A002C144D /* Project object */;
}
