// !$*UTF8*$!
{
	archiveVersion = 1;
	classes = {
	};
	objectVersion = 55;
	objects = {

/* Begin PBXBuildFile section */
		3260F98F27C81FEA00AD3A32 /* Week04___AudioApp.swift in Sources */ = {isa = PBXBuildFile; fileRef = 3260F98E27C81FEA00AD3A32 /* Week04___AudioApp.swift */; };
		3260F99127C81FEA00AD3A32 /* ContentView.swift in Sources */ = {isa = PBXBuildFile; fileRef = 3260F99027C81FEA00AD3A32 /* ContentView.swift */; };
		3260F99327C81FED00AD3A32 /* Assets.xcassets in Resources */ = {isa = PBXBuildFile; fileRef = 3260F99227C81FED00AD3A32 /* Assets.xcassets */; };
		3260F99627C81FED00AD3A32 /* Preview Assets.xcassets in Resources */ = {isa = PBXBuildFile; fileRef = 3260F99527C81FED00AD3A32 /* Preview Assets.xcassets */; };
		3260F9A027C8211B00AD3A32 /* electro-edm.mp3 in Resources */ = {isa = PBXBuildFile; fileRef = 3260F99D27C8211B00AD3A32 /* electro-edm.mp3 */; };
		3260F9A127C8211B00AD3A32 /* edm-beat.mp3 in Resources */ = {isa = PBXBuildFile; fileRef = 3260F99E27C8211B00AD3A32 /* edm-beat.mp3 */; };
		3260F9A227C8211B00AD3A32 /* edm-pop.mp3 in Resources */ = {isa = PBXBuildFile; fileRef = 3260F99F27C8211B00AD3A32 /* edm-pop.mp3 */; };
		3260F9A427C822D600AD3A32 /* Page 1.swift in Sources */ = {isa = PBXBuildFile; fileRef = 3260F9A327C822D600AD3A32 /* Page 1.swift */; };
/* End PBXBuildFile section */

/* Begin PBXFileReference section */
		3260F98B27C81FEA00AD3A32 /* Week04 - Audio.app */ = {isa = PBXFileReference; explicitFileType = wrapper.application; includeInIndex = 0; path = "Week04 - Audio.app"; sourceTree = BUILT_PRODUCTS_DIR; };
		3260F98E27C81FEA00AD3A32 /* Week04___AudioApp.swift */ = {isa = PBXFileReference; lastKnownFileType = sourcecode.swift; path = "Week04___AudioApp.swift"; sourceTree = "<group>"; };
		3260F99027C81FEA00AD3A32 /* ContentView.swift */ = {isa = PBXFileReference; lastKnownFileType = sourcecode.swift; path = ContentView.swift; sourceTree = "<group>"; };
		3260F99227C81FED00AD3A32 /* Assets.xcassets */ = {isa = PBXFileReference; lastKnownFileType = folder.assetcatalog; path = Assets.xcassets; sourceTree = "<group>"; };
		3260F99527C81FED00AD3A32 /* Preview Assets.xcassets */ = {isa = PBXFileReference; lastKnownFileType = folder.assetcatalog; path = "Preview Assets.xcassets"; sourceTree = "<group>"; };
		3260F99D27C8211B00AD3A32 /* electro-edm.mp3 */ = {isa = PBXFileReference; lastKnownFileType = audio.mp3; path = "electro-edm.mp3"; sourceTree = "<group>"; };
		3260F99E27C8211B00AD3A32 /* edm-beat.mp3 */ = {isa = PBXFileReference; lastKnownFileType = audio.mp3; path = "edm-beat.mp3"; sourceTree = "<group>"; };
		3260F99F27C8211B00AD3A32 /* edm-pop.mp3 */ = {isa = PBXFileReference; lastKnownFileType = audio.mp3; path = "edm-pop.mp3"; sourceTree = "<group>"; };
		3260F9A327C822D600AD3A32 /* Page 1.swift */ = {isa = PBXFileReference; lastKnownFileType = sourcecode.swift; path = "Page 1.swift"; sourceTree = "<group>"; };
/* End PBXFileReference section */

/* Begin PBXFrameworksBuildPhase section */
		3260F98827C81FEA00AD3A32 /* Frameworks */ = {
			isa = PBXFrameworksBuildPhase;
			buildActionMask = 2147483647;
			files = (
			);
			runOnlyForDeploymentPostprocessing = 0;
		};
/* End PBXFrameworksBuildPhase section */

/* Begin PBXGroup section */
		3260F98227C81FEA00AD3A32 = {
			isa = PBXGroup;
			children = (
				3260F98D27C81FEA00AD3A32 /* Week04 - Audio */,
				3260F98C27C81FEA00AD3A32 /* Products */,
			);
			sourceTree = "<group>";
		};
		3260F98C27C81FEA00AD3A32 /* Products */ = {
			isa = PBXGroup;
			children = (
				3260F98B27C81FEA00AD3A32 /* Week04 - Audio.app */,
			);
			name = Products;
			sourceTree = "<group>";
		};
		3260F98D27C81FEA00AD3A32 /* Week04 - Audio */ = {
			isa = PBXGroup;
			children = (
				3260F98E27C81FEA00AD3A32 /* Week04___AudioApp.swift */,
				3260F99027C81FEA00AD3A32 /* ContentView.swift */,
				3260F9A327C822D600AD3A32 /* Page 1.swift */,
				3260F99227C81FED00AD3A32 /* Assets.xcassets */,
				3260F99C27C8200400AD3A32 /* Resources */,
				3260F99427C81FED00AD3A32 /* Preview Content */,
			);
			path = "Week04 - Audio";
			sourceTree = "<group>";
		};
		3260F99427C81FED00AD3A32 /* Preview Content */ = {
			isa = PBXGroup;
			children = (
				3260F99527C81FED00AD3A32 /* Preview Assets.xcassets */,
			);
			path = "Preview Content";
			sourceTree = "<group>";
		};
		3260F99C27C8200400AD3A32 /* Resources */ = {
			isa = PBXGroup;
			children = (
				3260F99E27C8211B00AD3A32 /* edm-beat.mp3 */,
				3260F99F27C8211B00AD3A32 /* edm-pop.mp3 */,
				3260F99D27C8211B00AD3A32 /* electro-edm.mp3 */,
			);
			path = Resources;
			sourceTree = "<group>";
		};
/* End PBXGroup section */

/* Begin PBXNativeTarget section */
		3260F98A27C81FEA00AD3A32 /* Week04 - Audio */ = {
			isa = PBXNativeTarget;
			buildConfigurationList = 3260F99927C81FED00AD3A32 /* Build configuration list for PBXNativeTarget "Week04 - Audio" */;
			buildPhases = (
				3260F98727C81FEA00AD3A32 /* Sources */,
				3260F98827C81FEA00AD3A32 /* Frameworks */,
				3260F98927C81FEA00AD3A32 /* Resources */,
			);
			buildRules = (
			);
			dependencies = (
			);
			name = "Week04 - Audio";
			productName = "Week04 - Audio";
			productReference = 3260F98B27C81FEA00AD3A32 /* Week04 - Audio.app */;
			productType = "com.apple.product-type.application";
		};
/* End PBXNativeTarget section */

/* Begin PBXProject section */
		3260F98327C81FEA00AD3A32 /* Project object */ = {
			isa = PBXProject;
			attributes = {
				BuildIndependentTargetsInParallel = 1;
				LastSwiftUpdateCheck = 1320;
				LastUpgradeCheck = 1320;
				TargetAttributes = {
					3260F98A27C81FEA00AD3A32 = {
						CreatedOnToolsVersion = 13.2.1;
					};
				};
			};
			buildConfigurationList = 3260F98627C81FEA00AD3A32 /* Build configuration list for PBXProject "Week04 - Audio" */;
			compatibilityVersion = "Xcode 13.0";
			developmentRegion = en;
			hasScannedForEncodings = 0;
			knownRegions = (
				en,
				Base,
			);
			mainGroup = 3260F98227C81FEA00AD3A32;
			productRefGroup = 3260F98C27C81FEA00AD3A32 /* Products */;
			projectDirPath = "";
			projectRoot = "";
			targets = (
				3260F98A27C81FEA00AD3A32 /* Week04 - Audio */,
			);
		};
/* End PBXProject section */

/* Begin PBXResourcesBuildPhase section */
		3260F98927C81FEA00AD3A32 /* Resources */ = {
			isa = PBXResourcesBuildPhase;
			buildActionMask = 2147483647;
			files = (
				3260F99627C81FED00AD3A32 /* Preview Assets.xcassets in Resources */,
				3260F9A127C8211B00AD3A32 /* edm-beat.mp3 in Resources */,
				3260F9A027C8211B00AD3A32 /* electro-edm.mp3 in Resources */,
				3260F9A227C8211B00AD3A32 /* edm-pop.mp3 in Resources */,
				3260F99327C81FED00AD3A32 /* Assets.xcassets in Resources */,
			);
			runOnlyForDeploymentPostprocessing = 0;
		};
/* End PBXResourcesBuildPhase section */

/* Begin PBXSourcesBuildPhase section */
		3260F98727C81FEA00AD3A32 /* Sources */ = {
			isa = PBXSourcesBuildPhase;
			buildActionMask = 2147483647;
			files = (
				3260F9A427C822D600AD3A32 /* Page 1.swift in Sources */,
				3260F99127C81FEA00AD3A32 /* ContentView.swift in Sources */,
				3260F98F27C81FEA00AD3A32 /* Week04___AudioApp.swift in Sources */,
			);
			runOnlyForDeploymentPostprocessing = 0;
		};
/* End PBXSourcesBuildPhase section */

/* Begin XCBuildConfiguration section */
		3260F99727C81FED00AD3A32 /* Debug */ = {
			isa = XCBuildConfiguration;
			buildSettings = {
				ALWAYS_SEARCH_USER_PATHS = NO;
				CLANG_ANALYZER_NONNULL = YES;
				CLANG_ANALYZER_NUMBER_OBJECT_CONVERSION = YES_AGGRESSIVE;
				CLANG_CXX_LANGUAGE_STANDARD = "gnu++17";
				CLANG_CXX_LIBRARY = "libc++";
				CLANG_ENABLE_MODULES = YES;
				CLANG_ENABLE_OBJC_ARC = YES;
				CLANG_ENABLE_OBJC_WEAK = YES;
				CLANG_WARN_BLOCK_CAPTURE_AUTORELEASING = YES;
				CLANG_WARN_BOOL_CONVERSION = YES;
				CLANG_WARN_COMMA = YES;
				CLANG_WARN_CONSTANT_CONVERSION = YES;
				CLANG_WARN_DEPRECATED_OBJC_IMPLEMENTATIONS = YES;
				CLANG_WARN_DIRECT_OBJC_ISA_USAGE = YES_ERROR;
				CLANG_WARN_DOCUMENTATION_COMMENTS = YES;
				CLANG_WARN_EMPTY_BODY = YES;
				CLANG_WARN_ENUM_CONVERSION = YES;
				CLANG_WARN_INFINITE_RECURSION = YES;
				CLANG_WARN_INT_CONVERSION = YES;
				CLANG_WARN_NON_LITERAL_NULL_CONVERSION = YES;
				CLANG_WARN_OBJC_IMPLICIT_RETAIN_SELF = YES;
				CLANG_WARN_OBJC_LITERAL_CONVERSION = YES;
				CLANG_WARN_OBJC_ROOT_CLASS = YES_ERROR;
				CLANG_WARN_QUOTED_INCLUDE_IN_FRAMEWORK_HEADER = YES;
				CLANG_WARN_RANGE_LOOP_ANALYSIS = YES;
				CLANG_WARN_STRICT_PROTOTYPES = YES;
				CLANG_WARN_SUSPICIOUS_MOVE = YES;
				CLANG_WARN_UNGUARDED_AVAILABILITY = YES_AGGRESSIVE;
				CLANG_WARN_UNREACHABLE_CODE = YES;
				CLANG_WARN__DUPLICATE_METHOD_MATCH = YES;
				COPY_PHASE_STRIP = NO;
				DEBUG_INFORMATION_FORMAT = dwarf;
				ENABLE_STRICT_OBJC_MSGSEND = YES;
				ENABLE_TESTABILITY = YES;
				GCC_C_LANGUAGE_STANDARD = gnu11;
				GCC_DYNAMIC_NO_PIC = NO;
				GCC_NO_COMMON_BLOCKS = YES;
				GCC_OPTIMIZATION_LEVEL = 0;
				GCC_PREPROCESSOR_DEFINITIONS = (
					"DEBUG=1",
					"$(inherited)",
				);
				GCC_WARN_64_TO_32_BIT_CONVERSION = YES;
				GCC_WARN_ABOUT_RETURN_TYPE = YES_ERROR;
				GCC_WARN_UNDECLARED_SELECTOR = YES;
				GCC_WARN_UNINITIALIZED_AUTOS = YES_AGGRESSIVE;
				GCC_WARN_UNUSED_FUNCTION = YES;
				GCC_WARN_UNUSED_VARIABLE = YES;
				IPHONEOS_DEPLOYMENT_TARGET = 15.2;
				MTL_ENABLE_DEBUG_INFO = INCLUDE_SOURCE;
				MTL_FAST_MATH = YES;
				ONLY_ACTIVE_ARCH = YES;
				SDKROOT = iphoneos;
				SWIFT_ACTIVE_COMPILATION_CONDITIONS = DEBUG;
				SWIFT_OPTIMIZATION_LEVEL = "-Onone";
			};
			name = Debug;
		};
		3260F99827C81FED00AD3A32 /* Release */ = {
			isa = XCBuildConfiguration;
			buildSettings = {
				ALWAYS_SEARCH_USER_PATHS = NO;
				CLANG_ANALYZER_NONNULL = YES;
				CLANG_ANALYZER_NUMBER_OBJECT_CONVERSION = YES_AGGRESSIVE;
				CLANG_CXX_LANGUAGE_STANDARD = "gnu++17";
				CLANG_CXX_LIBRARY = "libc++";
				CLANG_ENABLE_MODULES = YES;
				CLANG_ENABLE_OBJC_ARC = YES;
				CLANG_ENABLE_OBJC_WEAK = YES;
				CLANG_WARN_BLOCK_CAPTURE_AUTORELEASING = YES;
				CLANG_WARN_BOOL_CONVERSION = YES;
				CLANG_WARN_COMMA = YES;
				CLANG_WARN_CONSTANT_CONVERSION = YES;
				CLANG_WARN_DEPRECATED_OBJC_IMPLEMENTATIONS = YES;
				CLANG_WARN_DIRECT_OBJC_ISA_USAGE = YES_ERROR;
				CLANG_WARN_DOCUMENTATION_COMMENTS = YES;
				CLANG_WARN_EMPTY_BODY = YES;
				CLANG_WARN_ENUM_CONVERSION = YES;
				CLANG_WARN_INFINITE_RECURSION = YES;
				CLANG_WARN_INT_CONVERSION = YES;
				CLANG_WARN_NON_LITERAL_NULL_CONVERSION = YES;
				CLANG_WARN_OBJC_IMPLICIT_RETAIN_SELF = YES;
				CLANG_WARN_OBJC_LITERAL_CONVERSION = YES;
				CLANG_WARN_OBJC_ROOT_CLASS = YES_ERROR;
				CLANG_WARN_QUOTED_INCLUDE_IN_FRAMEWORK_HEADER = YES;
				CLANG_WARN_RANGE_LOOP_ANALYSIS = YES;
				CLANG_WARN_STRICT_PROTOTYPES = YES;
				CLANG_WARN_SUSPICIOUS_MOVE = YES;
				CLANG_WARN_UNGUARDED_AVAILABILITY = YES_AGGRESSIVE;
				CLANG_WARN_UNREACHABLE_CODE = YES;
				CLANG_WARN__DUPLICATE_METHOD_MATCH = YES;
				COPY_PHASE_STRIP = NO;
				DEBUG_INFORMATION_FORMAT = "dwarf-with-dsym";
				ENABLE_NS_ASSERTIONS = NO;
				ENABLE_STRICT_OBJC_MSGSEND = YES;
				GCC_C_LANGUAGE_STANDARD = gnu11;
				GCC_NO_COMMON_BLOCKS = YES;
				GCC_WARN_64_TO_32_BIT_CONVERSION = YES;
				GCC_WARN_ABOUT_RETURN_TYPE = YES_ERROR;
				GCC_WARN_UNDECLARED_SELECTOR = YES;
				GCC_WARN_UNINITIALIZED_AUTOS = YES_AGGRESSIVE;
				GCC_WARN_UNUSED_FUNCTION = YES;
				GCC_WARN_UNUSED_VARIABLE = YES;
				IPHONEOS_DEPLOYMENT_TARGET = 15.2;
				MTL_ENABLE_DEBUG_INFO = NO;
				MTL_FAST_MATH = YES;
				SDKROOT = iphoneos;
				SWIFT_COMPILATION_MODE = wholemodule;
				SWIFT_OPTIMIZATION_LEVEL = "-O";
				VALIDATE_PRODUCT = YES;
			};
			name = Release;
		};
		3260F99A27C81FED00AD3A32 /* Debug */ = {
			isa = XCBuildConfiguration;
			buildSettings = {
				ASSETCATALOG_COMPILER_APPICON_NAME = AppIcon;
				ASSETCATALOG_COMPILER_GLOBAL_ACCENT_COLOR_NAME = AccentColor;
				CODE_SIGN_STYLE = Automatic;
				CURRENT_PROJECT_VERSION = 1;
				DEVELOPMENT_ASSET_PATHS = "\"Week04 - Audio/Preview Content\"";
				DEVELOPMENT_TEAM = U9FS4C47F4;
				ENABLE_PREVIEWS = YES;
				GENERATE_INFOPLIST_FILE = YES;
				INFOPLIST_KEY_UIApplicationSceneManifest_Generation = YES;
				INFOPLIST_KEY_UIApplicationSupportsIndirectInputEvents = YES;
				INFOPLIST_KEY_UILaunchScreen_Generation = YES;
				INFOPLIST_KEY_UISupportedInterfaceOrientations_iPad = "UIInterfaceOrientationPortrait UIInterfaceOrientationPortraitUpsideDown UIInterfaceOrientationLandscapeLeft UIInterfaceOrientationLandscapeRight";
				INFOPLIST_KEY_UISupportedInterfaceOrientations_iPhone = "UIInterfaceOrientationPortrait UIInterfaceOrientationLandscapeLeft UIInterfaceOrientationLandscapeRight";
				LD_RUNPATH_SEARCH_PATHS = (
					"$(inherited)",
					"@executable_path/Frameworks",
				);
				MARKETING_VERSION = 1.0;
				PRODUCT_BUNDLE_IDENTIFIER = "Phil.Week04-Audio";
				PRODUCT_NAME = "$(TARGET_NAME)";
				SWIFT_EMIT_LOC_STRINGS = YES;
				SWIFT_VERSION = 5.0;
				TARGETED_DEVICE_FAMILY = "1,2";
			};
			name = Debug;
		};
		3260F99B27C81FED00AD3A32 /* Release */ = {
			isa = XCBuildConfiguration;
			buildSettings = {
				ASSETCATALOG_COMPILER_APPICON_NAME = AppIcon;
				ASSETCATALOG_COMPILER_GLOBAL_ACCENT_COLOR_NAME = AccentColor;
				CODE_SIGN_STYLE = Automatic;
				CURRENT_PROJECT_VERSION = 1;
				DEVELOPMENT_ASSET_PATHS = "\"Week04 - Audio/Preview Content\"";
				DEVELOPMENT_TEAM = U9FS4C47F4;
				ENABLE_PREVIEWS = YES;
				GENERATE_INFOPLIST_FILE = YES;
				INFOPLIST_KEY_UIApplicationSceneManifest_Generation = YES;
				INFOPLIST_KEY_UIApplicationSupportsIndirectInputEvents = YES;
				INFOPLIST_KEY_UILaunchScreen_Generation = YES;
				INFOPLIST_KEY_UISupportedInterfaceOrientations_iPad = "UIInterfaceOrientationPortrait UIInterfaceOrientationPortraitUpsideDown UIInterfaceOrientationLandscapeLeft UIInterfaceOrientationLandscapeRight";
				INFOPLIST_KEY_UISupportedInterfaceOrientations_iPhone = "UIInterfaceOrientationPortrait UIInterfaceOrientationLandscapeLeft UIInterfaceOrientationLandscapeRight";
				LD_RUNPATH_SEARCH_PATHS = (
					"$(inherited)",
					"@executable_path/Frameworks",
				);
				MARKETING_VERSION = 1.0;
				PRODUCT_BUNDLE_IDENTIFIER = "Phil.Week04-Audio";
				PRODUCT_NAME = "$(TARGET_NAME)";
				SWIFT_EMIT_LOC_STRINGS = YES;
				SWIFT_VERSION = 5.0;
				TARGETED_DEVICE_FAMILY = "1,2";
			};
			name = Release;
		};
/* End XCBuildConfiguration section */

/* Begin XCConfigurationList section */
		3260F98627C81FEA00AD3A32 /* Build configuration list for PBXProject "Week04 - Audio" */ = {
			isa = XCConfigurationList;
			buildConfigurations = (
				3260F99727C81FED00AD3A32 /* Debug */,
				3260F99827C81FED00AD3A32 /* Release */,
			);
			defaultConfigurationIsVisible = 0;
			defaultConfigurationName = Release;
		};
		3260F99927C81FED00AD3A32 /* Build configuration list for PBXNativeTarget "Week04 - Audio" */ = {
			isa = XCConfigurationList;
			buildConfigurations = (
				3260F99A27C81FED00AD3A32 /* Debug */,
				3260F99B27C81FED00AD3A32 /* Release */,
			);
			defaultConfigurationIsVisible = 0;
			defaultConfigurationName = Release;
		};
/* End XCConfigurationList section */
	};
	rootObject = 3260F98327C81FEA00AD3A32 /* Project object */;
}
